
Microsoft Visual Studio Solution File, Format Version 12.00
# Visual Studio 15
VisualStudioVersion = 15.0.28307.902
MinimumVisualStudioVersion = 10.0.40219.1
Project("{FAE04EC0-301F-11D3-BF4B-00C04F79EFBC}") = "NegativeImageExample", "NegativeImageExample\NegativeImageExample.csproj", "{7A3FEA56-8A21-4C94-A90B-AB19A8423653}"
EndProject
Project("{8BC9CEB8-8B4A-11D0-8D11-00A0C91BC942}") = "DllC", "DllC\DllC.vcxproj", "{F8D2204A-A1C8-4CBB-A602-D925AC123FA3}"
EndProject
Project("{8BC9CEB8-8B4A-11D0-8D11-00A0C91BC942}") = "DLLAssembly", "DLL_ASM\DLL_ASM\AsmDll.vcxproj", "{F5E88D9C-628F-4ED3-8295-24A21FB718A8}"
EndProject
Global
	GlobalSection(SolutionConfigurationPlatforms) = preSolution
		Debug|Any CPU = Debug|Any CPU
		Debug|x64 = Debug|x64
		Debug|x86 = Debug|x86
		Release|Any CPU = Release|Any CPU
		Release|x64 = Release|x64
		Release|x86 = Release|x86
	EndGlobalSection
	GlobalSection(ProjectConfigurationPlatforms) = postSolution
		{7A3FEA56-8A21-4C94-A90B-AB19A8423653}.Debug|Any CPU.ActiveCfg = Debug|Any CPU
		{7A3FEA56-8A21-4C94-A90B-AB19A8423653}.Debug|Any CPU.Build.0 = Debug|Any CPU
		{7A3FEA56-8A21-4C94-A90B-AB19A8423653}.Debug|x64.ActiveCfg = Debug|Any CPU
		{7A3FEA56-8A21-4C94-A90B-AB19A8423653}.Debug|x64.Build.0 = Debug|Any CPU
		{7A3FEA56-8A21-4C94-A90B-AB19A8423653}.Debug|x86.ActiveCfg = Debug|Any CPU
		{7A3FEA56-8A21-4C94-A90B-AB19A8423653}.Debug|x86.Build.0 = Debug|Any CPU
		{7A3FEA56-8A21-4C94-A90B-AB19A8423653}.Release|Any CPU.ActiveCfg = Release|Any CPU
		{7A3FEA56-8A21-4C94-A90B-AB19A8423653}.Release|Any CPU.Build.0 = Release|Any CPU
		{7A3FEA56-8A21-4C94-A90B-AB19A8423653}.Release|x64.ActiveCfg = Release|Any CPU
		{7A3FEA56-8A21-4C94-A90B-AB19A8423653}.Release|x64.Build.0 = Release|Any CPU
		{7A3FEA56-8A21-4C94-A90B-AB19A8423653}.Release|x86.ActiveCfg = Release|Any CPU
		{7A3FEA56-8A21-4C94-A90B-AB19A8423653}.Release|x86.Build.0 = Release|Any CPU
		{F8D2204A-A1C8-4CBB-A602-D925AC123FA3}.Debug|Any CPU.ActiveCfg = Debug|Win32
		{F8D2204A-A1C8-4CBB-A602-D925AC123FA3}.Debug|x64.ActiveCfg = Debug|x64
		{F8D2204A-A1C8-4CBB-A602-D925AC123FA3}.Debug|x64.Build.0 = Debug|x64
		{F8D2204A-A1C8-4CBB-A602-D925AC123FA3}.Debug|x86.ActiveCfg = Debug|Win32
		{F8D2204A-A1C8-4CBB-A602-D925AC123FA3}.Debug|x86.Build.0 = Debug|Win32
		{F8D2204A-A1C8-4CBB-A602-D925AC123FA3}.Release|Any CPU.ActiveCfg = Release|Win32
		{F8D2204A-A1C8-4CBB-A602-D925AC123FA3}.Release|x64.ActiveCfg = Release|x64
		{F8D2204A-A1C8-4CBB-A602-D925AC123FA3}.Release|x64.Build.0 = Release|x64
		{F8D2204A-A1C8-4CBB-A602-D925AC123FA3}.Release|x86.ActiveCfg = Release|Win32
		{F8D2204A-A1C8-4CBB-A602-D925AC123FA3}.Release|x86.Build.0 = Release|Win32
		{F5E88D9C-628F-4ED3-8295-24A21FB718A8}.Debug|Any CPU.ActiveCfg = Debug|Win32
		{F5E88D9C-628F-4ED3-8295-24A21FB718A8}.Debug|x64.ActiveCfg = Debug|x64
		{F5E88D9C-628F-4ED3-8295-24A21FB718A8}.Debug|x64.Build.0 = Debug|x64
		{F5E88D9C-628F-4ED3-8295-24A21FB718A8}.Debug|x86.ActiveCfg = Debug|Win32
		{F5E88D9C-628F-4ED3-8295-24A21FB718A8}.Debug|x86.Build.0 = Debug|Win32
		{F5E88D9C-628F-4ED3-8295-24A21FB718A8}.Release|Any CPU.ActiveCfg = Release|Win32
		{F5E88D9C-628F-4ED3-8295-24A21FB718A8}.Release|x64.ActiveCfg = Release|x64
		{F5E88D9C-628F-4ED3-8295-24A21FB718A8}.Release|x64.Build.0 = Release|x64
		{F5E88D9C-628F-4ED3-8295-24A21FB718A8}.Release|x86.ActiveCfg = Release|Win32
		{F5E88D9C-628F-4ED3-8295-24A21FB718A8}.Release|x86.Build.0 = Release|Win32
	EndGlobalSection
	GlobalSection(SolutionProperties) = preSolution
		HideSolutionNode = FALSE
	EndGlobalSection
	GlobalSection(ExtensibilityGlobals) = postSolution
		SolutionGuid = {D0E77B9A-4E1A-4720-A032-78DBE125A3FA}
	EndGlobalSection
EndGlobal
